
Microsoft Visual Studio Solution File, Format Version 12.00
# Visual Studio Version 17
VisualStudioVersion = 17.0.31919.166
MinimumVisualStudioVersion = 10.0.40219.1
Project("{FAE04EC0-301F-11D3-BF4B-00C04F79EFBC}") = "ConsoleApp1", "ConsoleApp1\ConsoleApp1.csproj", "{3780AD88-3B28-48B0-BBF1-C40BFEA53C3A}"
EndProject
Global
	GlobalSection(SolutionConfigurationPlatforms) = preSolution
		Debug|Any CPU = Debug|Any CPU
		Release|Any CPU = Release|Any CPU
	EndGlobalSection
	GlobalSection(ProjectConfigurationPlatforms) = postSolution
		{3780AD88-3B28-48B0-BBF1-C40BFEA53C3A}.Debug|Any CPU.ActiveCfg = Debug|Any CPU
		{3780AD88-3B28-48B0-BBF1-C40BFEA53C3A}.Debug|Any CPU.Build.0 = Debug|Any CPU
		{3780AD88-3B28-48B0-BBF1-C40BFEA53C3A}.Release|Any CPU.ActiveCfg = Release|Any CPU
		{3780AD88-3B28-48B0-BBF1-C40BFEA53C3A}.Release|Any CPU.Build.0 = Release|Any CPU
	EndGlobalSection
	GlobalSection(SolutionProperties) = preSolution
		HideSolutionNode = FALSE
	EndGlobalSection
	GlobalSection(ExtensibilityGlobals) = postSolution
		SolutionGuid = {A8EAF818-5FB1-40C9-B98C-63E0C7F5A97C}
	EndGlobalSection
EndGlobal
